// !$*UTF8*$!
{
	archiveVersion = 1;
	classes = {
	};
	objectVersion = 48;
	objects = {

/* Begin PBXBuildFile section */
		B0A7FC0F1FBDCF4700F90D9C /* AppDelegate.swift in Sources */ = {isa = PBXBuildFile; fileRef = B0A7FC0E1FBDCF4700F90D9C /* AppDelegate.swift */; };
		B0A7FC161FBDCF4700F90D9C /* Assets.xcassets in Resources */ = {isa = PBXBuildFile; fileRef = B0A7FC151FBDCF4700F90D9C /* Assets.xcassets */; };
		B0A7FC191FBDCF4700F90D9C /* LaunchScreen.storyboard in Resources */ = {isa = PBXBuildFile; fileRef = B0A7FC171FBDCF4700F90D9C /* LaunchScreen.storyboard */; };
		B0A7FC281FBDD08200F90D9C /* ComponentComposer+IndexPath.swift in Sources */ = {isa = PBXBuildFile; fileRef = B0A7FC211FBDD08200F90D9C /* ComponentComposer+IndexPath.swift */; };
		B0A7FC291FBDD08200F90D9C /* ComponentTableViewCell.swift in Sources */ = {isa = PBXBuildFile; fileRef = B0A7FC221FBDD08200F90D9C /* ComponentTableViewCell.swift */; };
		B0A7FC2A1FBDD08200F90D9C /* ComponentProvider.swift in Sources */ = {isa = PBXBuildFile; fileRef = B0A7FC231FBDD08200F90D9C /* ComponentProvider.swift */; };
		B0A7FC2B1FBDD08200F90D9C /* ComponentBasedViewController.swift in Sources */ = {isa = PBXBuildFile; fileRef = B0A7FC241FBDD08200F90D9C /* ComponentBasedViewController.swift */; };
		B0A7FC2C1FBDD08200F90D9C /* Component.swift in Sources */ = {isa = PBXBuildFile; fileRef = B0A7FC251FBDD08200F90D9C /* Component.swift */; };
		B0A7FC2D1FBDD08200F90D9C /* ComponentComposer.swift in Sources */ = {isa = PBXBuildFile; fileRef = B0A7FC261FBDD08200F90D9C /* ComponentComposer.swift */; };
		B0A7FC2E1FBDD08200F90D9C /* ComponentProviderDelegate.swift in Sources */ = {isa = PBXBuildFile; fileRef = B0A7FC271FBDD08200F90D9C /* ComponentProviderDelegate.swift */; };
		B0A7FC301FBDD0A800F90D9C /* Identifiable.swift in Sources */ = {isa = PBXBuildFile; fileRef = B0A7FC2F1FBDD0A800F90D9C /* Identifiable.swift */; };
/* End PBXBuildFile section */

/* Begin PBXFileReference section */
		B0A7FC0B1FBDCF4700F90D9C /* ComponentProvider.app */ = {isa = PBXFileReference; explicitFileType = wrapper.application; includeInIndex = 0; path = ComponentProvider.app; sourceTree = BUILT_PRODUCTS_DIR; };
		B0A7FC0E1FBDCF4700F90D9C /* AppDelegate.swift */ = {isa = PBXFileReference; lastKnownFileType = sourcecode.swift; path = AppDelegate.swift; sourceTree = "<group>"; };
		B0A7FC151FBDCF4700F90D9C /* Assets.xcassets */ = {isa = PBXFileReference; lastKnownFileType = folder.assetcatalog; path = Assets.xcassets; sourceTree = "<group>"; };
		B0A7FC181FBDCF4700F90D9C /* Base */ = {isa = PBXFileReference; lastKnownFileType = file.storyboard; name = Base; path = Base.lproj/LaunchScreen.storyboard; sourceTree = "<group>"; };
		B0A7FC1A1FBDCF4700F90D9C /* Info.plist */ = {isa = PBXFileReference; lastKnownFileType = text.plist.xml; path = Info.plist; sourceTree = "<group>"; };
		B0A7FC211FBDD08200F90D9C /* ComponentComposer+IndexPath.swift */ = {isa = PBXFileReference; fileEncoding = 4; lastKnownFileType = sourcecode.swift; path = "ComponentComposer+IndexPath.swift"; sourceTree = "<group>"; };
		B0A7FC221FBDD08200F90D9C /* ComponentTableViewCell.swift */ = {isa = PBXFileReference; fileEncoding = 4; lastKnownFileType = sourcecode.swift; path = ComponentTableViewCell.swift; sourceTree = "<group>"; };
		B0A7FC231FBDD08200F90D9C /* ComponentProvider.swift */ = {isa = PBXFileReference; fileEncoding = 4; lastKnownFileType = sourcecode.swift; path = ComponentProvider.swift; sourceTree = "<group>"; };
		B0A7FC241FBDD08200F90D9C /* ComponentBasedViewController.swift */ = {isa = PBXFileReference; fileEncoding = 4; lastKnownFileType = sourcecode.swift; path = ComponentBasedViewController.swift; sourceTree = "<group>"; };
		B0A7FC251FBDD08200F90D9C /* Component.swift */ = {isa = PBXFileReference; fileEncoding = 4; lastKnownFileType = sourcecode.swift; path = Component.swift; sourceTree = "<group>"; };
		B0A7FC261FBDD08200F90D9C /* ComponentComposer.swift */ = {isa = PBXFileReference; fileEncoding = 4; lastKnownFileType = sourcecode.swift; path = ComponentComposer.swift; sourceTree = "<group>"; };
		B0A7FC271FBDD08200F90D9C /* ComponentProviderDelegate.swift */ = {isa = PBXFileReference; fileEncoding = 4; lastKnownFileType = sourcecode.swift; path = ComponentProviderDelegate.swift; sourceTree = "<group>"; };
		B0A7FC2F1FBDD0A800F90D9C /* Identifiable.swift */ = {isa = PBXFileReference; fileEncoding = 4; lastKnownFileType = sourcecode.swift; path = Identifiable.swift; sourceTree = "<group>"; };
/* End PBXFileReference section */

/* Begin PBXFrameworksBuildPhase section */
		B0A7FC081FBDCF4700F90D9C /* Frameworks */ = {
			isa = PBXFrameworksBuildPhase;
			buildActionMask = 2147483647;
			files = (
			);
			runOnlyForDeploymentPostprocessing = 0;
		};
/* End PBXFrameworksBuildPhase section */

/* Begin PBXGroup section */
		B0A7FC021FBDCF4700F90D9C = {
			isa = PBXGroup;
			children = (
				B0A7FC0D1FBDCF4700F90D9C /* ComponentProvider */,
				B0A7FC0C1FBDCF4700F90D9C /* Products */,
			);
			sourceTree = "<group>";
		};
		B0A7FC0C1FBDCF4700F90D9C /* Products */ = {
			isa = PBXGroup;
			children = (
				B0A7FC0B1FBDCF4700F90D9C /* ComponentProvider.app */,
			);
			name = Products;
			sourceTree = "<group>";
		};
		B0A7FC0D1FBDCF4700F90D9C /* ComponentProvider */ = {
			isa = PBXGroup;
			children = (
				B0A7FC201FBDD04100F90D9C /* Component */,
				B0A7FC0E1FBDCF4700F90D9C /* AppDelegate.swift */,
				B0A7FC151FBDCF4700F90D9C /* Assets.xcassets */,
				B0A7FC171FBDCF4700F90D9C /* LaunchScreen.storyboard */,
				B0A7FC1A1FBDCF4700F90D9C /* Info.plist */,
			);
			path = ComponentProvider;
			sourceTree = "<group>";
		};
		B0A7FC201FBDD04100F90D9C /* Component */ = {
			isa = PBXGroup;
			children = (
				B0A7FC2F1FBDD0A800F90D9C /* Identifiable.swift */,
				B0A7FC251FBDD08200F90D9C /* Component.swift */,
				B0A7FC231FBDD08200F90D9C /* ComponentProvider.swift */,
				B0A7FC271FBDD08200F90D9C /* ComponentProviderDelegate.swift */,
				B0A7FC261FBDD08200F90D9C /* ComponentComposer.swift */,
				B0A7FC211FBDD08200F90D9C /* ComponentComposer+IndexPath.swift */,
				B0A7FC221FBDD08200F90D9C /* ComponentTableViewCell.swift */,
				B0A7FC241FBDD08200F90D9C /* ComponentBasedViewController.swift */,
			);
			path = Component;
			sourceTree = "<group>";
		};
/* End PBXGroup section */

/* Begin PBXNativeTarget section */
		B0A7FC0A1FBDCF4700F90D9C /* ComponentProvider */ = {
			isa = PBXNativeTarget;
			buildConfigurationList = B0A7FC1D1FBDCF4700F90D9C /* Build configuration list for PBXNativeTarget "ComponentProvider" */;
			buildPhases = (
				B0A7FC071FBDCF4700F90D9C /* Sources */,
				B0A7FC081FBDCF4700F90D9C /* Frameworks */,
				B0A7FC091FBDCF4700F90D9C /* Resources */,
			);
			buildRules = (
			);
			dependencies = (
			);
			name = ComponentProvider;
			productName = ComponentProvider;
			productReference = B0A7FC0B1FBDCF4700F90D9C /* ComponentProvider.app */;
			productType = "com.apple.product-type.application";
		};
/* End PBXNativeTarget section */

/* Begin PBXProject section */
		B0A7FC031FBDCF4700F90D9C /* Project object */ = {
			isa = PBXProject;
			attributes = {
				LastSwiftUpdateCheck = 0910;
				LastUpgradeCheck = 0910;
				ORGANIZATIONNAME = TinyWorld;
				TargetAttributes = {
					B0A7FC0A1FBDCF4700F90D9C = {
						CreatedOnToolsVersion = 9.1;
						ProvisioningStyle = Automatic;
					};
				};
			};
			buildConfigurationList = B0A7FC061FBDCF4700F90D9C /* Build configuration list for PBXProject "ComponentProvider" */;
			compatibilityVersion = "Xcode 8.0";
			developmentRegion = en;
			hasScannedForEncodings = 0;
			knownRegions = (
				en,
				Base,
			);
			mainGroup = B0A7FC021FBDCF4700F90D9C;
			productRefGroup = B0A7FC0C1FBDCF4700F90D9C /* Products */;
			projectDirPath = "";
			projectRoot = "";
			targets = (
				B0A7FC0A1FBDCF4700F90D9C /* ComponentProvider */,
			);
		};
/* End PBXProject section */

/* Begin PBXResourcesBuildPhase section */
		B0A7FC091FBDCF4700F90D9C /* Resources */ = {
			isa = PBXResourcesBuildPhase;
			buildActionMask = 2147483647;
			files = (
				B0A7FC191FBDCF4700F90D9C /* LaunchScreen.storyboard in Resources */,
				B0A7FC161FBDCF4700F90D9C /* Assets.xcassets in Resources */,
			);
			runOnlyForDeploymentPostprocessing = 0;
		};
/* End PBXResourcesBuildPhase section */

/* Begin PBXSourcesBuildPhase section */
		B0A7FC071FBDCF4700F90D9C /* Sources */ = {
			isa = PBXSourcesBuildPhase;
			buildActionMask = 2147483647;
			files = (
				B0A7FC2A1FBDD08200F90D9C /* ComponentProvider.swift in Sources */,
				B0A7FC2C1FBDD08200F90D9C /* Component.swift in Sources */,
				B0A7FC0F1FBDCF4700F90D9C /* AppDelegate.swift in Sources */,
				B0A7FC2E1FBDD08200F90D9C /* ComponentProviderDelegate.swift in Sources */,
				B0A7FC301FBDD0A800F90D9C /* Identifiable.swift in Sources */,
				B0A7FC2D1FBDD08200F90D9C /* ComponentComposer.swift in Sources */,
				B0A7FC291FBDD08200F90D9C /* ComponentTableViewCell.swift in Sources */,
				B0A7FC2B1FBDD08200F90D9C /* ComponentBasedViewController.swift in Sources */,
				B0A7FC281FBDD08200F90D9C /* ComponentComposer+IndexPath.swift in Sources */,
			);
			runOnlyForDeploymentPostprocessing = 0;
		};
/* End PBXSourcesBuildPhase section */

/* Begin PBXVariantGroup section */
		B0A7FC171FBDCF4700F90D9C /* LaunchScreen.storyboard */ = {
			isa = PBXVariantGroup;
			children = (
				B0A7FC181FBDCF4700F90D9C /* Base */,
			);
			name = LaunchScreen.storyboard;
			sourceTree = "<group>";
		};
/* End PBXVariantGroup section */

/* Begin XCBuildConfiguration section */
		B0A7FC1B1FBDCF4700F90D9C /* Debug */ = {
			isa = XCBuildConfiguration;
			buildSettings = {
				ALWAYS_SEARCH_USER_PATHS = NO;
				CLANG_ANALYZER_NONNULL = YES;
				CLANG_ANALYZER_NUMBER_OBJECT_CONVERSION = YES_AGGRESSIVE;
				CLANG_CXX_LANGUAGE_STANDARD = "gnu++14";
				CLANG_CXX_LIBRARY = "libc++";
				CLANG_ENABLE_MODULES = YES;
				CLANG_ENABLE_OBJC_ARC = YES;
				CLANG_WARN_BLOCK_CAPTURE_AUTORELEASING = YES;
				CLANG_WARN_BOOL_CONVERSION = YES;
				CLANG_WARN_COMMA = YES;
				CLANG_WARN_CONSTANT_CONVERSION = YES;
				CLANG_WARN_DIRECT_OBJC_ISA_USAGE = YES_ERROR;
				CLANG_WARN_DOCUMENTATION_COMMENTS = YES;
				CLANG_WARN_EMPTY_BODY = YES;
				CLANG_WARN_ENUM_CONVERSION = YES;
				CLANG_WARN_INFINITE_RECURSION = YES;
				CLANG_WARN_INT_CONVERSION = YES;
				CLANG_WARN_NON_LITERAL_NULL_CONVERSION = YES;
				CLANG_WARN_OBJC_LITERAL_CONVERSION = YES;
				CLANG_WARN_OBJC_ROOT_CLASS = YES_ERROR;
				CLANG_WARN_RANGE_LOOP_ANALYSIS = YES;
				CLANG_WARN_STRICT_PROTOTYPES = YES;
				CLANG_WARN_SUSPICIOUS_MOVE = YES;
				CLANG_WARN_UNGUARDED_AVAILABILITY = YES_AGGRESSIVE;
				CLANG_WARN_UNREACHABLE_CODE = YES;
				CLANG_WARN__DUPLICATE_METHOD_MATCH = YES;
				CODE_SIGN_IDENTITY = "iPhone Developer";
				COPY_PHASE_STRIP = NO;
				DEBUG_INFORMATION_FORMAT = dwarf;
				ENABLE_STRICT_OBJC_MSGSEND = YES;
				ENABLE_TESTABILITY = YES;
				GCC_C_LANGUAGE_STANDARD = gnu11;
				GCC_DYNAMIC_NO_PIC = NO;
				GCC_NO_COMMON_BLOCKS = YES;
				GCC_OPTIMIZATION_LEVEL = 0;
				GCC_PREPROCESSOR_DEFINITIONS = (
					"DEBUG=1",
					"$(inherited)",
				);
				GCC_WARN_64_TO_32_BIT_CONVERSION = YES;
				GCC_WARN_ABOUT_RETURN_TYPE = YES_ERROR;
				GCC_WARN_UNDECLARED_SELECTOR = YES;
				GCC_WARN_UNINITIALIZED_AUTOS = YES_AGGRESSIVE;
				GCC_WARN_UNUSED_FUNCTION = YES;
				GCC_WARN_UNUSED_VARIABLE = YES;
				IPHONEOS_DEPLOYMENT_TARGET = 11.0;
				MTL_ENABLE_DEBUG_INFO = YES;
				ONLY_ACTIVE_ARCH = YES;
				SDKROOT = iphoneos;
				SWIFT_ACTIVE_COMPILATION_CONDITIONS = DEBUG;
				SWIFT_OPTIMIZATION_LEVEL = "-Onone";
			};
			name = Debug;
		};
		B0A7FC1C1FBDCF4700F90D9C /* Release */ = {
			isa = XCBuildConfiguration;
			buildSettings = {
				ALWAYS_SEARCH_USER_PATHS = NO;
				CLANG_ANALYZER_NONNULL = YES;
				CLANG_ANALYZER_NUMBER_OBJECT_CONVERSION = YES_AGGRESSIVE;
				CLANG_CXX_LANGUAGE_STANDARD = "gnu++14";
				CLANG_CXX_LIBRARY = "libc++";
				CLANG_ENABLE_MODULES = YES;
				CLANG_ENABLE_OBJC_ARC = YES;
				CLANG_WARN_BLOCK_CAPTURE_AUTORELEASING = YES;
				CLANG_WARN_BOOL_CONVERSION = YES;
				CLANG_WARN_COMMA = YES;
				CLANG_WARN_CONSTANT_CONVERSION = YES;
				CLANG_WARN_DIRECT_OBJC_ISA_USAGE = YES_ERROR;
				CLANG_WARN_DOCUMENTATION_COMMENTS = YES;
				CLANG_WARN_EMPTY_BODY = YES;
				CLANG_WARN_ENUM_CONVERSION = YES;
				CLANG_WARN_INFINITE_RECURSION = YES;
				CLANG_WARN_INT_CONVERSION = YES;
				CLANG_WARN_NON_LITERAL_NULL_CONVERSION = YES;
				CLANG_WARN_OBJC_LITERAL_CONVERSION = YES;
				CLANG_WARN_OBJC_ROOT_CLASS = YES_ERROR;
				CLANG_WARN_RANGE_LOOP_ANALYSIS = YES;
				CLANG_WARN_STRICT_PROTOTYPES = YES;
				CLANG_WARN_SUSPICIOUS_MOVE = YES;
				CLANG_WARN_UNGUARDED_AVAILABILITY = YES_AGGRESSIVE;
				CLANG_WARN_UNREACHABLE_CODE = YES;
				CLANG_WARN__DUPLICATE_METHOD_MATCH = YES;
				CODE_SIGN_IDENTITY = "iPhone Developer";
				COPY_PHASE_STRIP = NO;
				DEBUG_INFORMATION_FORMAT = "dwarf-with-dsym";
				ENABLE_NS_ASSERTIONS = NO;
				ENABLE_STRICT_OBJC_MSGSEND = YES;
				GCC_C_LANGUAGE_STANDARD = gnu11;
				GCC_NO_COMMON_BLOCKS = YES;
				GCC_WARN_64_TO_32_BIT_CONVERSION = YES;
				GCC_WARN_ABOUT_RETURN_TYPE = YES_ERROR;
				GCC_WARN_UNDECLARED_SELECTOR = YES;
				GCC_WARN_UNINITIALIZED_AUTOS = YES_AGGRESSIVE;
				GCC_WARN_UNUSED_FUNCTION = YES;
				GCC_WARN_UNUSED_VARIABLE = YES;
				IPHONEOS_DEPLOYMENT_TARGET = 11.0;
				MTL_ENABLE_DEBUG_INFO = NO;
				SDKROOT = iphoneos;
				SWIFT_OPTIMIZATION_LEVEL = "-Owholemodule";
				VALIDATE_PRODUCT = YES;
			};
			name = Release;
		};
		B0A7FC1E1FBDCF4700F90D9C /* Debug */ = {
			isa = XCBuildConfiguration;
			buildSettings = {
				ASSETCATALOG_COMPILER_APPICON_NAME = AppIcon;
				CODE_SIGN_STYLE = Automatic;
				DEVELOPMENT_TEAM = 5CE6946X84;
				INFOPLIST_FILE = ComponentProvider/Info.plist;
				LD_RUNPATH_SEARCH_PATHS = "$(inherited) @executable_path/Frameworks";
				PRODUCT_BUNDLE_IDENTIFIER = com.tinyworld.ComponentProvider;
				PRODUCT_NAME = "$(TARGET_NAME)";
				SWIFT_VERSION = 4.0;
				TARGETED_DEVICE_FAMILY = "1,2";
			};
			name = Debug;
		};
		B0A7FC1F1FBDCF4700F90D9C /* Release */ = {
			isa = XCBuildConfiguration;
			buildSettings = {
				ASSETCATALOG_COMPILER_APPICON_NAME = AppIcon;
				CODE_SIGN_STYLE = Automatic;
				DEVELOPMENT_TEAM = 5CE6946X84;
				INFOPLIST_FILE = ComponentProvider/Info.plist;
				LD_RUNPATH_SEARCH_PATHS = "$(inherited) @executable_path/Frameworks";
				PRODUCT_BUNDLE_IDENTIFIER = com.tinyworld.ComponentProvider;
				PRODUCT_NAME = "$(TARGET_NAME)";
				SWIFT_VERSION = 4.0;
				TARGETED_DEVICE_FAMILY = "1,2";
			};
			name = Release;
		};
/* End XCBuildConfiguration section */

/* Begin XCConfigurationList section */
		B0A7FC061FBDCF4700F90D9C /* Build configuration list for PBXProject "ComponentProvider" */ = {
			isa = XCConfigurationList;
			buildConfigurations = (
				B0A7FC1B1FBDCF4700F90D9C /* Debug */,
				B0A7FC1C1FBDCF4700F90D9C /* Release */,
			);
			defaultConfigurationIsVisible = 0;
			defaultConfigurationName = Release;
		};
		B0A7FC1D1FBDCF4700F90D9C /* Build configuration list for PBXNativeTarget "ComponentProvider" */ = {
			isa = XCConfigurationList;
			buildConfigurations = (
				B0A7FC1E1FBDCF4700F90D9C /* Debug */,
				B0A7FC1F1FBDCF4700F90D9C /* Release */,
			);
			defaultConfigurationIsVisible = 0;
			defaultConfigurationName = Release;
		};
/* End XCConfigurationList section */
	};
	rootObject = B0A7FC031FBDCF4700F90D9C /* Project object */;
}
